// !$*UTF8*$!
{
	archiveVersion = 1;
	classes = {
	};
	objectVersion = 46;
	objects = {

/* Begin PBXBuildFile section */
		A3D42AF0161CB2A40017C0AB /* UIKit.framework in Frameworks */ = {isa = PBXBuildFile; fileRef = A3D42AEF161CB2A40017C0AB /* UIKit.framework */; };
		A3D42AF2161CB2A40017C0AB /* Foundation.framework in Frameworks */ = {isa = PBXBuildFile; fileRef = A3D42AF1161CB2A40017C0AB /* Foundation.framework */; };
		A3D42AF4161CB2A40017C0AB /* CoreGraphics.framework in Frameworks */ = {isa = PBXBuildFile; fileRef = A3D42AF3161CB2A40017C0AB /* CoreGraphics.framework */; };
		A3D42AFA161CB2A40017C0AB /* InfoPlist.strings in Resources */ = {isa = PBXBuildFile; fileRef = A3D42AF8161CB2A40017C0AB /* InfoPlist.strings */; };
		A3D42AFC161CB2A40017C0AB /* main.m in Sources */ = {isa = PBXBuildFile; fileRef = A3D42AFB161CB2A40017C0AB /* main.m */; };
		A3D42B00161CB2A40017C0AB /* AppDelegate.m in Sources */ = {isa = PBXBuildFile; fileRef = A3D42AFF161CB2A40017C0AB /* AppDelegate.m */; };
		A3D42B0B161CB3780017C0AB /* NSDate+CSOMFormat.m in Sources */ = {isa = PBXBuildFile; fileRef = A3D42B0A161CB3780017C0AB /* NSDate+CSOMFormat.m */; };
/* End PBXBuildFile section */

/* Begin PBXFileReference section */
		A3D42AEB161CB2A40017C0AB /* CSOMDateTimeFormat.app */ = {isa = PBXFileReference; explicitFileType = wrapper.application; includeInIndex = 0; path = CSOMDateTimeFormat.app; sourceTree = BUILT_PRODUCTS_DIR; };
		A3D42AEF161CB2A40017C0AB /* UIKit.framework */ = {isa = PBXFileReference; lastKnownFileType = wrapper.framework; name = UIKit.framework; path = System/Library/Frameworks/UIKit.framework; sourceTree = SDKROOT; };
		A3D42AF1161CB2A40017C0AB /* Foundation.framework */ = {isa = PBXFileReference; lastKnownFileType = wrapper.framework; name = Foundation.framework; path = System/Library/Frameworks/Foundation.framework; sourceTree = SDKROOT; };
		A3D42AF3161CB2A40017C0AB /* CoreGraphics.framework */ = {isa = PBXFileReference; lastKnownFileType = wrapper.framework; name = CoreGraphics.framework; path = System/Library/Frameworks/CoreGraphics.framework; sourceTree = SDKROOT; };
		A3D42AF7161CB2A40017C0AB /* CSOMDateTimeFormat-Info.plist */ = {isa = PBXFileReference; lastKnownFileType = text.plist.xml; path = "CSOMDateTimeFormat-Info.plist"; sourceTree = "<group>"; };
		A3D42AF9161CB2A40017C0AB /* en */ = {isa = PBXFileReference; lastKnownFileType = text.plist.strings; name = en; path = en.lproj/InfoPlist.strings; sourceTree = "<group>"; };
		A3D42AFB161CB2A40017C0AB /* main.m */ = {isa = PBXFileReference; lastKnownFileType = sourcecode.c.objc; path = main.m; sourceTree = "<group>"; };
		A3D42AFD161CB2A40017C0AB /* CSOMDateTimeFormat-Prefix.pch */ = {isa = PBXFileReference; lastKnownFileType = sourcecode.c.h; path = "CSOMDateTimeFormat-Prefix.pch"; sourceTree = "<group>"; };
		A3D42AFE161CB2A40017C0AB /* AppDelegate.h */ = {isa = PBXFileReference; lastKnownFileType = sourcecode.c.h; path = AppDelegate.h; sourceTree = "<group>"; };
		A3D42AFF161CB2A40017C0AB /* AppDelegate.m */ = {isa = PBXFileReference; lastKnownFileType = sourcecode.c.objc; path = AppDelegate.m; sourceTree = "<group>"; };
		A3D42B09161CB3780017C0AB /* NSDate+CSOMFormat.h */ = {isa = PBXFileReference; fileEncoding = 4; lastKnownFileType = sourcecode.c.h; name = "NSDate+CSOMFormat.h"; path = "../NSDate+CSOMFormat.h"; sourceTree = "<group>"; };
		A3D42B0A161CB3780017C0AB /* NSDate+CSOMFormat.m */ = {isa = PBXFileReference; fileEncoding = 4; lastKnownFileType = sourcecode.c.objc; name = "NSDate+CSOMFormat.m"; path = "../NSDate+CSOMFormat.m"; sourceTree = "<group>"; };
/* End PBXFileReference section */

/* Begin PBXFrameworksBuildPhase section */
		A3D42AE8161CB2A40017C0AB /* Frameworks */ = {
			isa = PBXFrameworksBuildPhase;
			buildActionMask = 2147483647;
			files = (
				A3D42AF0161CB2A40017C0AB /* UIKit.framework in Frameworks */,
				A3D42AF2161CB2A40017C0AB /* Foundation.framework in Frameworks */,
				A3D42AF4161CB2A40017C0AB /* CoreGraphics.framework in Frameworks */,
			);
			runOnlyForDeploymentPostprocessing = 0;
		};
/* End PBXFrameworksBuildPhase section */

/* Begin PBXGroup section */
		A3D42AE0161CB2A40017C0AB = {
			isa = PBXGroup;
			children = (
				A3D42AF5161CB2A40017C0AB /* CSOMDateTimeFormat */,
				A3D42AEE161CB2A40017C0AB /* Frameworks */,
				A3D42AEC161CB2A40017C0AB /* Products */,
			);
			sourceTree = "<group>";
		};
		A3D42AEC161CB2A40017C0AB /* Products */ = {
			isa = PBXGroup;
			children = (
				A3D42AEB161CB2A40017C0AB /* CSOMDateTimeFormat.app */,
			);
			name = Products;
			sourceTree = "<group>";
		};
		A3D42AEE161CB2A40017C0AB /* Frameworks */ = {
			isa = PBXGroup;
			children = (
				A3D42AEF161CB2A40017C0AB /* UIKit.framework */,
				A3D42AF1161CB2A40017C0AB /* Foundation.framework */,
				A3D42AF3161CB2A40017C0AB /* CoreGraphics.framework */,
			);
			name = Frameworks;
			sourceTree = "<group>";
		};
		A3D42AF5161CB2A40017C0AB /* CSOMDateTimeFormat */ = {
			isa = PBXGroup;
			children = (
				A3D42B09161CB3780017C0AB /* NSDate+CSOMFormat.h */,
				A3D42B0A161CB3780017C0AB /* NSDate+CSOMFormat.m */,
				A3D42AFE161CB2A40017C0AB /* AppDelegate.h */,
				A3D42AFF161CB2A40017C0AB /* AppDelegate.m */,
				A3D42AF6161CB2A40017C0AB /* Supporting Files */,
			);
			path = CSOMDateTimeFormat;
			sourceTree = "<group>";
		};
		A3D42AF6161CB2A40017C0AB /* Supporting Files */ = {
			isa = PBXGroup;
			children = (
				A3D42AF7161CB2A40017C0AB /* CSOMDateTimeFormat-Info.plist */,
				A3D42AF8161CB2A40017C0AB /* InfoPlist.strings */,
				A3D42AFB161CB2A40017C0AB /* main.m */,
				A3D42AFD161CB2A40017C0AB /* CSOMDateTimeFormat-Prefix.pch */,
			);
			name = "Supporting Files";
			sourceTree = "<group>";
		};
/* End PBXGroup section */

/* Begin PBXNativeTarget section */
		A3D42AEA161CB2A40017C0AB /* CSOMDateTimeFormat */ = {
			isa = PBXNativeTarget;
			buildConfigurationList = A3D42B03161CB2A40017C0AB /* Build configuration list for PBXNativeTarget "CSOMDateTimeFormat" */;
			buildPhases = (
				A3D42AE7161CB2A40017C0AB /* Sources */,
				A3D42AE8161CB2A40017C0AB /* Frameworks */,
				A3D42AE9161CB2A40017C0AB /* Resources */,
			);
			buildRules = (
			);
			dependencies = (
			);
			name = CSOMDateTimeFormat;
			productName = CSOMDateTimeFormat;
			productReference = A3D42AEB161CB2A40017C0AB /* CSOMDateTimeFormat.app */;
			productType = "com.apple.product-type.application";
		};
/* End PBXNativeTarget section */

/* Begin PBXProject section */
		A3D42AE2161CB2A40017C0AB /* Project object */ = {
			isa = PBXProject;
			attributes = {
				LastUpgradeCheck = 0440;
				ORGANIZATIONNAME = "Luke Stringer";
			};
			buildConfigurationList = A3D42AE5161CB2A40017C0AB /* Build configuration list for PBXProject "CSOMDateTimeFormat" */;
			compatibilityVersion = "Xcode 3.2";
			developmentRegion = English;
			hasScannedForEncodings = 0;
			knownRegions = (
				en,
			);
			mainGroup = A3D42AE0161CB2A40017C0AB;
			productRefGroup = A3D42AEC161CB2A40017C0AB /* Products */;
			projectDirPath = "";
			projectRoot = "";
			targets = (
				A3D42AEA161CB2A40017C0AB /* CSOMDateTimeFormat */,
			);
		};
/* End PBXProject section */

/* Begin PBXResourcesBuildPhase section */
		A3D42AE9161CB2A40017C0AB /* Resources */ = {
			isa = PBXResourcesBuildPhase;
			buildActionMask = 2147483647;
			files = (
				A3D42AFA161CB2A40017C0AB /* InfoPlist.strings in Resources */,
			);
			runOnlyForDeploymentPostprocessing = 0;
		};
/* End PBXResourcesBuildPhase section */

/* Begin PBXSourcesBuildPhase section */
		A3D42AE7161CB2A40017C0AB /* Sources */ = {
			isa = PBXSourcesBuildPhase;
			buildActionMask = 2147483647;
			files = (
				A3D42AFC161CB2A40017C0AB /* main.m in Sources */,
				A3D42B00161CB2A40017C0AB /* AppDelegate.m in Sources */,
				A3D42B0B161CB3780017C0AB /* NSDate+CSOMFormat.m in Sources */,
			);
			runOnlyForDeploymentPostprocessing = 0;
		};
/* End PBXSourcesBuildPhase section */

/* Begin PBXVariantGroup section */
		A3D42AF8161CB2A40017C0AB /* InfoPlist.strings */ = {
			isa = PBXVariantGroup;
			children = (
				A3D42AF9161CB2A40017C0AB /* en */,
			);
			name = InfoPlist.strings;
			sourceTree = "<group>";
		};
/* End PBXVariantGroup section */

/* Begin XCBuildConfiguration section */
		A3D42B01161CB2A40017C0AB /* Debug */ = {
			isa = XCBuildConfiguration;
			buildSettings = {
				ALWAYS_SEARCH_USER_PATHS = NO;
				ARCHS = "$(ARCHS_STANDARD_32_BIT)";
				CLANG_CXX_LANGUAGE_STANDARD = "gnu++0x";
				CLANG_WARN__DUPLICATE_METHOD_MATCH = YES;
				"CODE_SIGN_IDENTITY[sdk=iphoneos*]" = "iPhone Developer";
				COPY_PHASE_STRIP = NO;
				GCC_C_LANGUAGE_STANDARD = gnu99;
				GCC_DYNAMIC_NO_PIC = NO;
				GCC_OPTIMIZATION_LEVEL = 0;
				GCC_PREPROCESSOR_DEFINITIONS = (
					"DEBUG=1",
					"$(inherited)",
				);
				GCC_SYMBOLS_PRIVATE_EXTERN = NO;
				GCC_VERSION = com.apple.compilers.llvm.clang.1_0;
				GCC_WARN_ABOUT_RETURN_TYPE = YES;
				GCC_WARN_UNINITIALIZED_AUTOS = YES;
				GCC_WARN_UNUSED_VARIABLE = YES;
				IPHONEOS_DEPLOYMENT_TARGET = 5.1;
				SDKROOT = iphoneos;
				TARGETED_DEVICE_FAMILY = "1,2";
			};
			name = Debug;
		};
		A3D42B02161CB2A40017C0AB /* Release */ = {
			isa = XCBuildConfiguration;
			buildSettings = {
				ALWAYS_SEARCH_USER_PATHS = NO;
				ARCHS = "$(ARCHS_STANDARD_32_BIT)";
				CLANG_CXX_LANGUAGE_STANDARD = "gnu++0x";
				CLANG_WARN__DUPLICATE_METHOD_MATCH = YES;
				"CODE_SIGN_IDENTITY[sdk=iphoneos*]" = "iPhone Developer";
				COPY_PHASE_STRIP = YES;
				GCC_C_LANGUAGE_STANDARD = gnu99;
				GCC_VERSION = com.apple.compilers.llvm.clang.1_0;
				GCC_WARN_ABOUT_RETURN_TYPE = YES;
				GCC_WARN_UNINITIALIZED_AUTOS = YES;
				GCC_WARN_UNUSED_VARIABLE = YES;
				IPHONEOS_DEPLOYMENT_TARGET = 5.1;
				OTHER_CFLAGS = "-DNS_BLOCK_ASSERTIONS=1";
				SDKROOT = iphoneos;
				TARGETED_DEVICE_FAMILY = "1,2";
				VALIDATE_PRODUCT = YES;
			};
			name = Release;
		};
		A3D42B04161CB2A40017C0AB /* Debug */ = {
			isa = XCBuildConfiguration;
			buildSettings = {
				GCC_PRECOMPILE_PREFIX_HEADER = YES;
				GCC_PREFIX_HEADER = "CSOMDateTimeFormat/CSOMDateTimeFormat-Prefix.pch";
				INFOPLIST_FILE = "CSOMDateTimeFormat/CSOMDateTimeFormat-Info.plist";
				PRODUCT_NAME = "$(TARGET_NAME)";
				WRAPPER_EXTENSION = app;
			};
			name = Debug;
		};
		A3D42B05161CB2A40017C0AB /* Release */ = {
			isa = XCBuildConfiguration;
			buildSettings = {
				GCC_PRECOMPILE_PREFIX_HEADER = YES;
				GCC_PREFIX_HEADER = "CSOMDateTimeFormat/CSOMDateTimeFormat-Prefix.pch";
				INFOPLIST_FILE = "CSOMDateTimeFormat/CSOMDateTimeFormat-Info.plist";
				PRODUCT_NAME = "$(TARGET_NAME)";
				WRAPPER_EXTENSION = app;
			};
			name = Release;
		};
/* End XCBuildConfiguration section */

/* Begin XCConfigurationList section */
		A3D42AE5161CB2A40017C0AB /* Build configuration list for PBXProject "CSOMDateTimeFormat" */ = {
			isa = XCConfigurationList;
			buildConfigurations = (
				A3D42B01161CB2A40017C0AB /* Debug */,
				A3D42B02161CB2A40017C0AB /* Release */,
			);
			defaultConfigurationIsVisible = 0;
			defaultConfigurationName = Release;
		};
		A3D42B03161CB2A40017C0AB /* Build configuration list for PBXNativeTarget "CSOMDateTimeFormat" */ = {
			isa = XCConfigurationList;
			buildConfigurations = (
				A3D42B04161CB2A40017C0AB /* Debug */,
				A3D42B05161CB2A40017C0AB /* Release */,
			);
			defaultConfigurationIsVisible = 0;
		};
/* End XCConfigurationList section */
	};
	rootObject = A3D42AE2161CB2A40017C0AB /* Project object */;
}
